
Microsoft Visual Studio Solution File, Format Version 12.00
# Visual Studio Version 17
VisualStudioVersion = 17.7.34202.233
MinimumVisualStudioVersion = 10.0.40219.1
Project("{9A19103F-16F7-4668-BE54-9A1E7A4F7556}") = "BlazorAppMyLibrary", "BlazorAppMyLibrary\BlazorAppMyLibrary.csproj", "{7C0DA1FA-6415-4F5A-B98F-2F233AB0889E}"
EndProject
Global
	GlobalSection(SolutionConfigurationPlatforms) = preSolution
		Debug|Any CPU = Debug|Any CPU
		Release|Any CPU = Release|Any CPU
	EndGlobalSection
	GlobalSection(ProjectConfigurationPlatforms) = postSolution
		{7C0DA1FA-6415-4F5A-B98F-2F233AB0889E}.Debug|Any CPU.ActiveCfg = Debug|Any CPU
		{7C0DA1FA-6415-4F5A-B98F-2F233AB0889E}.Debug|Any CPU.Build.0 = Debug|Any CPU
		{7C0DA1FA-6415-4F5A-B98F-2F233AB0889E}.Release|Any CPU.ActiveCfg = Release|Any CPU
		{7C0DA1FA-6415-4F5A-B98F-2F233AB0889E}.Release|Any CPU.Build.0 = Release|Any CPU
	EndGlobalSection
	GlobalSection(SolutionProperties) = preSolution
		HideSolutionNode = FALSE
	EndGlobalSection
	GlobalSection(ExtensibilityGlobals) = postSolution
		SolutionGuid = {FF6AA3F3-E97D-4F2B-863D-35E1CDE7F03F}
	EndGlobalSection
EndGlobal
